
Microsoft Visual Studio Solution File, Format Version 12.00
# Visual Studio Version 17
VisualStudioVersion = 17.5.33516.290
MinimumVisualStudioVersion = 10.0.40219.1
Project("{FAE04EC0-301F-11D3-BF4B-00C04F79EFBC}") = "Task4_", "Task4_\Task4_.csproj", "{2E6513D7-C12F-4D88-B5C6-160C5E65969B}"
EndProject
Global
	GlobalSection(SolutionConfigurationPlatforms) = preSolution
		Debug|Any CPU = Debug|Any CPU
		Release|Any CPU = Release|Any CPU
	EndGlobalSection
	GlobalSection(ProjectConfigurationPlatforms) = postSolution
		{2E6513D7-C12F-4D88-B5C6-160C5E65969B}.Debug|Any CPU.ActiveCfg = Debug|Any CPU
		{2E6513D7-C12F-4D88-B5C6-160C5E65969B}.Debug|Any CPU.Build.0 = Debug|Any CPU
		{2E6513D7-C12F-4D88-B5C6-160C5E65969B}.Release|Any CPU.ActiveCfg = Release|Any CPU
		{2E6513D7-C12F-4D88-B5C6-160C5E65969B}.Release|Any CPU.Build.0 = Release|Any CPU
	EndGlobalSection
	GlobalSection(SolutionProperties) = preSolution
		HideSolutionNode = FALSE
	EndGlobalSection
	GlobalSection(ExtensibilityGlobals) = postSolution
		SolutionGuid = {B9B4D4C8-0148-4063-8E03-F88C79352990}
	EndGlobalSection
EndGlobal
